
Microsoft Visual Studio Solution File, Format Version 12.00
# Visual Studio Version 17
VisualStudioVersion = 17.2.32602.215
MinimumVisualStudioVersion = 10.0.40219.1
Project("{FAE04EC0-301F-11D3-BF4B-00C04F79EFBC}") = "SamMarket.Web", "SamResturant.Web\SamMarket.Web.csproj", "{06CBF894-D48E-495A-9B76-04656243D071}"
EndProject
Global
	GlobalSection(SolutionConfigurationPlatforms) = preSolution
		Debug|Any CPU = Debug|Any CPU
		Release|Any CPU = Release|Any CPU
	EndGlobalSection
	GlobalSection(ProjectConfigurationPlatforms) = postSolution
		{06CBF894-D48E-495A-9B76-04656243D071}.Debug|Any CPU.ActiveCfg = Debug|Any CPU
		{06CBF894-D48E-495A-9B76-04656243D071}.Debug|Any CPU.Build.0 = Debug|Any CPU
		{06CBF894-D48E-495A-9B76-04656243D071}.Release|Any CPU.ActiveCfg = Release|Any CPU
		{06CBF894-D48E-495A-9B76-04656243D071}.Release|Any CPU.Build.0 = Release|Any CPU
	EndGlobalSection
	GlobalSection(SolutionProperties) = preSolution
		HideSolutionNode = FALSE
	EndGlobalSection
	GlobalSection(ExtensibilityGlobals) = postSolution
		SolutionGuid = {2B292045-F9B6-4834-B8CA-60FEB6320F1A}
	EndGlobalSection
EndGlobal
