
Microsoft Visual Studio Solution File, Format Version 12.00
# Visual Studio Version 17
VisualStudioVersion = 17.2.32602.215
MinimumVisualStudioVersion = 10.0.40219.1
Project("{FAE04EC0-301F-11D3-BF4B-00C04F79EFBC}") = "Database.Web", "Database.Web\Database.Web.csproj", "{366E902E-9831-4337-A57B-1D5505E96296}"
EndProject
Global
	GlobalSection(SolutionConfigurationPlatforms) = preSolution
		Debug|Any CPU = Debug|Any CPU
		Release|Any CPU = Release|Any CPU
	EndGlobalSection
	GlobalSection(ProjectConfigurationPlatforms) = postSolution
		{366E902E-9831-4337-A57B-1D5505E96296}.Debug|Any CPU.ActiveCfg = Debug|Any CPU
		{366E902E-9831-4337-A57B-1D5505E96296}.Debug|Any CPU.Build.0 = Debug|Any CPU
		{366E902E-9831-4337-A57B-1D5505E96296}.Release|Any CPU.ActiveCfg = Release|Any CPU
		{366E902E-9831-4337-A57B-1D5505E96296}.Release|Any CPU.Build.0 = Release|Any CPU
	EndGlobalSection
	GlobalSection(SolutionProperties) = preSolution
		HideSolutionNode = FALSE
	EndGlobalSection
	GlobalSection(ExtensibilityGlobals) = postSolution
		SolutionGuid = {28EA3BCF-583C-4C6D-85E8-36571B566137}
	EndGlobalSection
EndGlobal
