
Microsoft Visual Studio Solution File, Format Version 12.00
# Visual Studio Version 17
VisualStudioVersion = 17.2.32602.215
MinimumVisualStudioVersion = 10.0.40219.1
Project("{FAE04EC0-301F-11D3-BF4B-00C04F79EFBC}") = "Task01", "Task01\Task01.csproj", "{45CD3F95-21A5-4E1D-868A-F464F2E5A625}"
EndProject
Global
	GlobalSection(SolutionConfigurationPlatforms) = preSolution
		Debug|Any CPU = Debug|Any CPU
		Release|Any CPU = Release|Any CPU
	EndGlobalSection
	GlobalSection(ProjectConfigurationPlatforms) = postSolution
		{45CD3F95-21A5-4E1D-868A-F464F2E5A625}.Debug|Any CPU.ActiveCfg = Debug|Any CPU
		{45CD3F95-21A5-4E1D-868A-F464F2E5A625}.Debug|Any CPU.Build.0 = Debug|Any CPU
		{45CD3F95-21A5-4E1D-868A-F464F2E5A625}.Release|Any CPU.ActiveCfg = Release|Any CPU
		{45CD3F95-21A5-4E1D-868A-F464F2E5A625}.Release|Any CPU.Build.0 = Release|Any CPU
	EndGlobalSection
	GlobalSection(SolutionProperties) = preSolution
		HideSolutionNode = FALSE
	EndGlobalSection
	GlobalSection(ExtensibilityGlobals) = postSolution
		SolutionGuid = {AF90B8DA-7567-4E8C-8507-58B533DDEE39}
	EndGlobalSection
EndGlobal
