
Microsoft Visual Studio Solution File, Format Version 12.00
# Visual Studio Version 17
VisualStudioVersion = 17.2.32602.215
MinimumVisualStudioVersion = 10.0.40219.1
Project("{FAE04EC0-301F-11D3-BF4B-00C04F79EFBC}") = "Practice1.Web", "Practice1.Web\Practice1.Web.csproj", "{6B87531C-DFCA-4FAC-981D-F6D9B9FE8B3D}"
EndProject
Global
	GlobalSection(SolutionConfigurationPlatforms) = preSolution
		Debug|Any CPU = Debug|Any CPU
		Release|Any CPU = Release|Any CPU
	EndGlobalSection
	GlobalSection(ProjectConfigurationPlatforms) = postSolution
		{6B87531C-DFCA-4FAC-981D-F6D9B9FE8B3D}.Debug|Any CPU.ActiveCfg = Debug|Any CPU
		{6B87531C-DFCA-4FAC-981D-F6D9B9FE8B3D}.Debug|Any CPU.Build.0 = Debug|Any CPU
		{6B87531C-DFCA-4FAC-981D-F6D9B9FE8B3D}.Release|Any CPU.ActiveCfg = Release|Any CPU
		{6B87531C-DFCA-4FAC-981D-F6D9B9FE8B3D}.Release|Any CPU.Build.0 = Release|Any CPU
	EndGlobalSection
	GlobalSection(SolutionProperties) = preSolution
		HideSolutionNode = FALSE
	EndGlobalSection
	GlobalSection(ExtensibilityGlobals) = postSolution
		SolutionGuid = {F54C354A-DF6C-42C5-B25C-7F141951162A}
	EndGlobalSection
EndGlobal
