
Microsoft Visual Studio Solution File, Format Version 12.00
# Visual Studio Version 17
VisualStudioVersion = 17.2.32602.215
MinimumVisualStudioVersion = 10.0.40219.1
Project("{FAE04EC0-301F-11D3-BF4B-00C04F79EFBC}") = "Task01.Web", "Task01.Web\Task01.Web.csproj", "{9C2C2CBC-7D08-458E-9275-51EA4DD03C3D}"
EndProject
Global
	GlobalSection(SolutionConfigurationPlatforms) = preSolution
		Debug|Any CPU = Debug|Any CPU
		Release|Any CPU = Release|Any CPU
	EndGlobalSection
	GlobalSection(ProjectConfigurationPlatforms) = postSolution
		{9C2C2CBC-7D08-458E-9275-51EA4DD03C3D}.Debug|Any CPU.ActiveCfg = Debug|Any CPU
		{9C2C2CBC-7D08-458E-9275-51EA4DD03C3D}.Debug|Any CPU.Build.0 = Debug|Any CPU
		{9C2C2CBC-7D08-458E-9275-51EA4DD03C3D}.Release|Any CPU.ActiveCfg = Release|Any CPU
		{9C2C2CBC-7D08-458E-9275-51EA4DD03C3D}.Release|Any CPU.Build.0 = Release|Any CPU
	EndGlobalSection
	GlobalSection(SolutionProperties) = preSolution
		HideSolutionNode = FALSE
	EndGlobalSection
	GlobalSection(ExtensibilityGlobals) = postSolution
		SolutionGuid = {5950A73A-48FB-424B-B270-3B97B4E024B5}
	EndGlobalSection
EndGlobal
