
Microsoft Visual Studio Solution File, Format Version 12.00
# Visual Studio Version 17
VisualStudioVersion = 17.2.32602.215
MinimumVisualStudioVersion = 10.0.40219.1
Project("{FAE04EC0-301F-11D3-BF4B-00C04F79EFBC}") = "HowToAutoMapper", "HowToAutoMapper\HowToAutoMapper.csproj", "{BB0EBAB1-B39B-4C4B-87FB-F37D47A94D9E}"
EndProject
Global
	GlobalSection(SolutionConfigurationPlatforms) = preSolution
		Debug|Any CPU = Debug|Any CPU
		Release|Any CPU = Release|Any CPU
	EndGlobalSection
	GlobalSection(ProjectConfigurationPlatforms) = postSolution
		{BB0EBAB1-B39B-4C4B-87FB-F37D47A94D9E}.Debug|Any CPU.ActiveCfg = Debug|Any CPU
		{BB0EBAB1-B39B-4C4B-87FB-F37D47A94D9E}.Debug|Any CPU.Build.0 = Debug|Any CPU
		{BB0EBAB1-B39B-4C4B-87FB-F37D47A94D9E}.Release|Any CPU.ActiveCfg = Release|Any CPU
		{BB0EBAB1-B39B-4C4B-87FB-F37D47A94D9E}.Release|Any CPU.Build.0 = Release|Any CPU
	EndGlobalSection
	GlobalSection(SolutionProperties) = preSolution
		HideSolutionNode = FALSE
	EndGlobalSection
	GlobalSection(ExtensibilityGlobals) = postSolution
		SolutionGuid = {56C9C031-134C-47C1-A62F-0A8F47819956}
	EndGlobalSection
EndGlobal
